lockfileVersion: '9.0'

settings:
  autoInstallPeers: true
  excludeLinksFromLockfile: false

importers:

  .:
    dependencies:
      '@playwright/test':
        specifier: ^1.49.0
        version: 1.53.0
      firebase:
        specifier: ^11.9.1
        version: 11.9.1
    devDependencies:
      '@types/node':
        specifier: ^22.10.0
        version: 22.15.31

packages:

  '@firebase/ai@1.4.0':
    resolution: {integrity: sha512-wvF33gtU6TXb6Co8TEC1pcl4dnVstYmRE/vs9XjUGE7he7Sgf5TqSu+EoXk/fuzhw5tKr1LC5eG9KdYFM+eosw==}
    engines: {node: '>=18.0.0'}
    peerDependencies:
      '@firebase/app': 0.x
      '@firebase/app-types': 0.x

  '@firebase/analytics-compat@0.2.22':
    resolution: {integrity: sha512-VogWHgwkdYhjWKh8O1XU04uPrRaiDihkWvE/EMMmtWtaUtVALnpLnUurc3QtSKdPnvTz5uaIGKlW84DGtSPFbw==}
    peerDependencies:
      '@firebase/app-compat': 0.x

  '@firebase/analytics-types@0.8.3':
    resolution: {integrity: sha512-VrIp/d8iq2g501qO46uGz3hjbDb8xzYMrbu8Tp0ovzIzrvJZ2fvmj649gTjge/b7cCCcjT0H37g1gVtlNhnkbg==}

  '@firebase/analytics@0.10.16':
    resolution: {integrity: sha512-cMtp19He7Fd6uaj/nDEul+8JwvJsN8aRSJyuA1QN3QrKvfDDp+efjVurJO61sJpkVftw9O9nNMdhFbRcTmTfRQ==}
    peerDependencies:
      '@firebase/app': 0.x

  '@firebase/app-check-compat@0.3.25':
    resolution: {integrity: sha512-3zrsPZWAKfV7DVC20T2dgfjzjtQnSJS65OfMOiddMUtJL1S5i0nAZKsdX0bOEvvrd0SBIL8jYnfpfDeQRnhV3w==}
    engines: {node: '>=18.0.0'}
    peerDependencies:
      '@firebase/app-compat': 0.x

  '@firebase/app-check-interop-types@0.3.3':
    resolution: {integrity: sha512-gAlxfPLT2j8bTI/qfe3ahl2I2YcBQ8cFIBdhAQA4I2f3TndcO+22YizyGYuttLHPQEpWkhmpFW60VCFEPg4g5A==}

  '@firebase/app-check-types@0.5.3':
    resolution: {integrity: sha512-hyl5rKSj0QmwPdsAxrI5x1otDlByQ7bvNvVt8G/XPO2CSwE++rmSVf3VEhaeOR4J8ZFaF0Z0NDSmLejPweZ3ng==}

  '@firebase/app-check@0.10.0':
    resolution: {integrity: sha512-AZlRlVWKcu8BH4Yf8B5EI8sOi2UNGTS8oMuthV45tbt6OVUTSQwFPIEboZzhNJNKY+fPsg7hH8vixUWFZ3lrhw==}
    engines: {node: '>=18.0.0'}
    peerDependencies:
      '@firebase/app': 0.x

  '@firebase/app-compat@0.4.1':
    resolution: {integrity: sha512-9VGjnY23Gc1XryoF/ABWtZVJYnaPOnjHM7dsqq9YALgKRtxI1FryvELUVkDaEIUf4In2bfkb9ZENF1S9M273Dw==}
    engines: {node: '>=18.0.0'}

  '@firebase/app-types@0.9.3':
    resolution: {integrity: sha512-kRVpIl4vVGJ4baogMDINbyrIOtOxqhkZQg4jTq3l8Lw6WSk0xfpEYzezFu+Kl4ve4fbPl79dvwRtaFqAC/ucCw==}

  '@firebase/app@0.13.1':
    resolution: {integrity: sha512-0O33PKrXLoIWkoOO5ByFaLjZehBctSYWnb+xJkIdx2SKP/K9l1UPFXPwASyrOIqyY3ws+7orF/1j7wI5EKzPYQ==}
    engines: {node: '>=18.0.0'}

  '@firebase/auth-compat@0.5.27':
    resolution: {integrity: sha512-axZx/MgjNO7uPA8/nMQiuVotGCngUFMppt5w0pxFIoIPD0kac0bsFdSEh5S2ttuEE0Aq1iUB6Flzwn+wvMgXnQ==}
    engines: {node: '>=18.0.0'}
    peerDependencies:
      '@firebase/app-compat': 0.x

  '@firebase/auth-interop-types@0.2.4':
    resolution: {integrity: sha512-JPgcXKCuO+CWqGDnigBtvo09HeBs5u/Ktc2GaFj2m01hLarbxthLNm7Fk8iOP1aqAtXV+fnnGj7U28xmk7IwVA==}

  '@firebase/auth-types@0.13.0':
    resolution: {integrity: sha512-S/PuIjni0AQRLF+l9ck0YpsMOdE8GO2KU6ubmBB7P+7TJUCQDa3R1dlgYm9UzGbbePMZsp0xzB93f2b/CgxMOg==}
    peerDependencies:
      '@firebase/app-types': 0.x
      '@firebase/util': 1.x

  '@firebase/auth@1.10.7':
    resolution: {integrity: sha512-77o0aBKCfchdL1gkahARdawHyYefh+wRYn7o60tbwW6bfJNq2idbrRb3WSYCT4yBKWL0+9kKdwxBHPZ6DEiB+g==}
    engines: {node: '>=18.0.0'}
    peerDependencies:
      '@firebase/app': 0.x
      '@react-native-async-storage/async-storage': ^1.18.1
    peerDependenciesMeta:
      '@react-native-async-storage/async-storage':
        optional: true

  '@firebase/component@0.6.17':
    resolution: {integrity: sha512-M6DOg7OySrKEFS8kxA3MU5/xc37fiOpKPMz6cTsMUcsuKB6CiZxxNAvgFta8HGRgEpZbi8WjGIj6Uf+TpOhyzg==}
    engines: {node: '>=18.0.0'}

  '@firebase/data-connect@0.3.9':
    resolution: {integrity: sha512-B5tGEh5uQrQeH0i7RvlU8kbZrKOJUmoyxVIX4zLA8qQJIN6A7D+kfBlGXtSwbPdrvyaejcRPcbOtqsDQ9HPJKw==}
    peerDependencies:
      '@firebase/app': 0.x

  '@firebase/database-compat@2.0.10':
    resolution: {integrity: sha512-3sjl6oGaDDYJw/Ny0E5bO6v+KM3KoD4Qo/sAfHGdRFmcJ4QnfxOX9RbG9+ce/evI3m64mkPr24LlmTDduqMpog==}
    engines: {node: '>=18.0.0'}

  '@firebase/database-types@1.0.14':
    resolution: {integrity: sha512-8a0Q1GrxM0akgF0RiQHliinhmZd+UQPrxEmUv7MnQBYfVFiLtKOgs3g6ghRt/WEGJHyQNslZ+0PocIwNfoDwKw==}

  '@firebase/database@1.0.19':
    resolution: {integrity: sha512-khE+MIYK+XlIndVn/7mAQ9F1fwG5JHrGKaG72hblCC6JAlUBDd3SirICH6SMCf2PQ0iYkruTECth+cRhauacyQ==}
    engines: {node: '>=18.0.0'}

  '@firebase/firestore-compat@0.3.52':
    resolution: {integrity: sha512-nzt3Sag+EBdm1Jkw/FnnKBPk0LpUUxOlMHMADPBXYhhXrLszxn1+vb64nJsbgRIHfsCn+rg8gyGrb+8frzXrjg==}
    engines: {node: '>=18.0.0'}
    peerDependencies:
      '@firebase/app-compat': 0.x

  '@firebase/firestore-types@3.0.3':
    resolution: {integrity: sha512-hD2jGdiWRxB/eZWF89xcK9gF8wvENDJkzpVFb4aGkzfEaKxVRD1kjz1t1Wj8VZEp2LCB53Yx1zD8mrhQu87R6Q==}
    peerDependencies:
      '@firebase/app-types': 0.x
      '@firebase/util': 1.x

  '@firebase/firestore@4.7.17':
    resolution: {integrity: sha512-YhXWA7HlSnekExhZ5u4i0e+kpPxsh/qMrzeNDgsAva71JXK8OOuOx+yLyYBFhmu3Hr5JJDO2fsZA/wrWoQYHDg==}
    engines: {node: '>=18.0.0'}
    peerDependencies:
      '@firebase/app': 0.x

  '@firebase/functions-compat@0.3.25':
    resolution: {integrity: sha512-V0JKUw5W/7aznXf9BQ8LIYHCX6zVCM8Hdw7XUQ/LU1Y9TVP8WKRCnPB/qdPJ0xGjWWn7fhtwIYbgEw/syH4yTQ==}
    engines: {node: '>=18.0.0'}
    peerDependencies:
      '@firebase/app-compat': 0.x

  '@firebase/functions-types@0.6.3':
    resolution: {integrity: sha512-EZoDKQLUHFKNx6VLipQwrSMh01A1SaL3Wg6Hpi//x6/fJ6Ee4hrAeswK99I5Ht8roiniKHw4iO0B1Oxj5I4plg==}

  '@firebase/functions@0.12.8':
    resolution: {integrity: sha512-p+ft6dQW0CJ3BLLxeDb5Hwk9ARw01kHTZjLqiUdPRzycR6w7Z75ThkegNmL6gCss3S0JEpldgvehgZ3kHybVhA==}
    engines: {node: '>=18.0.0'}
    peerDependencies:
      '@firebase/app': 0.x

  '@firebase/installations-compat@0.2.17':
    resolution: {integrity: sha512-J7afeCXB7yq25FrrJAgbx8mn1nG1lZEubOLvYgG7ZHvyoOCK00sis5rj7TgDrLYJgdj/SJiGaO1BD3BAp55TeA==}
    peerDependencies:
      '@firebase/app-compat': 0.x

  '@firebase/installations-types@0.5.3':
    resolution: {integrity: sha512-2FJI7gkLqIE0iYsNQ1P751lO3hER+Umykel+TkLwHj6plzWVxqvfclPUZhcKFVQObqloEBTmpi2Ozn7EkCABAA==}
    peerDependencies:
      '@firebase/app-types': 0.x

  '@firebase/installations@0.6.17':
    resolution: {integrity: sha512-zfhqCNJZRe12KyADtRrtOj+SeSbD1H/K8J24oQAJVv/u02eQajEGlhZtcx9Qk7vhGWF5z9dvIygVDYqLL4o1XQ==}
    peerDependencies:
      '@firebase/app': 0.x

  '@firebase/logger@0.4.4':
    resolution: {integrity: sha512-mH0PEh1zoXGnaR8gD1DeGeNZtWFKbnz9hDO91dIml3iou1gpOnLqXQ2dJfB71dj6dpmUjcQ6phY3ZZJbjErr9g==}
    engines: {node: '>=18.0.0'}

  '@firebase/messaging-compat@0.2.21':
    resolution: {integrity: sha512-1yMne+4BGLbHbtyu/VyXWcLiefUE1+K3ZGfVTyKM4BH4ZwDFRGoWUGhhx+tKRX4Tu9z7+8JN67SjnwacyNWK5g==}
    peerDependencies:
      '@firebase/app-compat': 0.x

  '@firebase/messaging-interop-types@0.2.3':
    resolution: {integrity: sha512-xfzFaJpzcmtDjycpDeCUj0Ge10ATFi/VHVIvEEjDNc3hodVBQADZ7BWQU7CuFpjSHE+eLuBI13z5F/9xOoGX8Q==}

  '@firebase/messaging@0.12.21':
    resolution: {integrity: sha512-bYJ2Evj167Z+lJ1ach6UglXz5dUKY1zrJZd15GagBUJSR7d9KfiM1W8dsyL0lDxcmhmA/sLaBYAAhF1uilwN0g==}
    peerDependencies:
      '@firebase/app': 0.x

  '@firebase/performance-compat@0.2.19':
    resolution: {integrity: sha512-4cU0T0BJ+LZK/E/UwFcvpBCVdkStgBMQwBztM9fJPT6udrEUk3ugF5/HT+E2Z22FCXtIaXDukJbYkE/c3c6IHw==}
    peerDependencies:
      '@firebase/app-compat': 0.x

  '@firebase/performance-types@0.2.3':
    resolution: {integrity: sha512-IgkyTz6QZVPAq8GSkLYJvwSLr3LS9+V6vNPQr0x4YozZJiLF5jYixj0amDtATf1X0EtYHqoPO48a9ija8GocxQ==}

  '@firebase/performance@0.7.6':
    resolution: {integrity: sha512-AsOz74dSTlyQGlnnbLWXiHFAsrxhpssPOsFFi4HgOJ5DjzkK7ZdZ/E9uMPrwFoXJyMVoybGRuqsL/wkIbFITsA==}
    peerDependencies:
      '@firebase/app': 0.x

  '@firebase/remote-config-compat@0.2.17':
    resolution: {integrity: sha512-KelsBD0sXSC0u3esr/r6sJYGRN6pzn3bYuI/6pTvvmZbjBlxQkRabHAVH6d+YhLcjUXKIAYIjZszczd1QJtOyA==}
    peerDependencies:
      '@firebase/app-compat': 0.x

  '@firebase/remote-config-types@0.4.0':
    resolution: {integrity: sha512-7p3mRE/ldCNYt8fmWMQ/MSGRmXYlJ15Rvs9Rk17t8p0WwZDbeK7eRmoI1tvCPaDzn9Oqh+yD6Lw+sGLsLg4kKg==}

  '@firebase/remote-config@0.6.4':
    resolution: {integrity: sha512-ZyLJRT46wtycyz2+opEkGaoFUOqRQjt/0NX1WfUISOMCI/PuVoyDjqGpq24uK+e8D5NknyTpiXCVq5dowhScmg==}
    peerDependencies:
      '@firebase/app': 0.x

  '@firebase/storage-compat@0.3.23':
    resolution: {integrity: sha512-B/ufkT/R/tSvc2av+vP6ZYybGn26FwB9YVDYg/6Bro+5TN3VEkCeNmfnX3XLa2DSdXUTZAdWCbMxW0povGa4MA==}
    engines: {node: '>=18.0.0'}
    peerDependencies:
      '@firebase/app-compat': 0.x

  '@firebase/storage-types@0.8.3':
    resolution: {integrity: sha512-+Muk7g9uwngTpd8xn9OdF/D48uiQ7I1Fae7ULsWPuKoCH3HU7bfFPhxtJYzyhjdniowhuDpQcfPmuNRAqZEfvg==}
    peerDependencies:
      '@firebase/app-types': 0.x
      '@firebase/util': 1.x

  '@firebase/storage@0.13.13':
    resolution: {integrity: sha512-E+MTNcBgpoAynicgVb2ZsHCuEOO4aAiUX5ahNwe/1dEyZpo2H4DwFqKQRNK/sdAIgBbjBwcfV2p0MdPFGIR0Ew==}
    engines: {node: '>=18.0.0'}
    peerDependencies:
      '@firebase/app': 0.x

  '@firebase/util@1.12.0':
    resolution: {integrity: sha512-Z4rK23xBCwgKDqmzGVMef+Vb4xso2j5Q8OG0vVL4m4fA5ZjPMYQazu8OJJC3vtQRC3SQ/Pgx/6TPNVsCd70QRw==}
    engines: {node: '>=18.0.0'}

  '@firebase/webchannel-wrapper@1.0.3':
    resolution: {integrity: sha512-2xCRM9q9FlzGZCdgDMJwc0gyUkWFtkosy7Xxr6sFgQwn+wMNIWd7xIvYNauU1r64B5L5rsGKy/n9TKJ0aAFeqQ==}

  '@grpc/grpc-js@1.9.15':
    resolution: {integrity: sha512-nqE7Hc0AzI+euzUwDAy0aY5hCp10r734gMGRdU+qOPX0XSceI2ULrcXB5U2xSc5VkWwalCj4M7GzCAygZl2KoQ==}
    engines: {node: ^8.13.0 || >=10.10.0}

  '@grpc/proto-loader@0.7.15':
    resolution: {integrity: sha512-tMXdRCfYVixjuFK+Hk0Q1s38gV9zDiDJfWL3h1rv4Qc39oILCu1TRTDt7+fGUI8K4G1Fj125Hx/ru3azECWTyQ==}
    engines: {node: '>=6'}
    hasBin: true

  '@playwright/test@1.53.0':
    resolution: {integrity: sha512-15hjKreZDcp7t6TL/7jkAo6Df5STZN09jGiv5dbP9A6vMVncXRqE7/B2SncsyOwrkZRBH2i6/TPOL8BVmm3c7w==}
    engines: {node: '>=18'}
    hasBin: true

  '@protobufjs/aspromise@1.1.2':
    resolution: {integrity: sha512-j+gKExEuLmKwvz3OgROXtrJ2UG2x8Ch2YZUxahh+s1F2HZ+wAceUNLkvy6zKCPVRkU++ZWQrdxsUeQXmcg4uoQ==}

  '@protobufjs/base64@1.1.2':
    resolution: {integrity: sha512-AZkcAA5vnN/v4PDqKyMR5lx7hZttPDgClv83E//FMNhR2TMcLUhfRUBHCmSl0oi9zMgDDqRUJkSxO3wm85+XLg==}

  '@protobufjs/codegen@2.0.4':
    resolution: {integrity: sha512-YyFaikqM5sH0ziFZCN3xDC7zeGaB/d0IUb9CATugHWbd1FRFwWwt4ld4OYMPWu5a3Xe01mGAULCdqhMlPl29Jg==}

  '@protobufjs/eventemitter@1.1.0':
    resolution: {integrity: sha512-j9ednRT81vYJ9OfVuXG6ERSTdEL1xVsNgqpkxMsbIabzSo3goCjDIveeGv5d03om39ML71RdmrGNjG5SReBP/Q==}

  '@protobufjs/fetch@1.1.0':
    resolution: {integrity: sha512-lljVXpqXebpsijW71PZaCYeIcE5on1w5DlQy5WH6GLbFryLUrBD4932W/E2BSpfRJWseIL4v/KPgBFxDOIdKpQ==}

  '@protobufjs/float@1.0.2':
    resolution: {integrity: sha512-Ddb+kVXlXst9d+R9PfTIxh1EdNkgoRe5tOX6t01f1lYWOvJnSPDBlG241QLzcyPdoNTsblLUdujGSE4RzrTZGQ==}

  '@protobufjs/inquire@1.1.0':
    resolution: {integrity: sha512-kdSefcPdruJiFMVSbn801t4vFK7KB/5gd2fYvrxhuJYg8ILrmn9SKSX2tZdV6V+ksulWqS7aXjBcRXl3wHoD9Q==}

  '@protobufjs/path@1.1.2':
    resolution: {integrity: sha512-6JOcJ5Tm08dOHAbdR3GrvP+yUUfkjG5ePsHYczMFLq3ZmMkAD98cDgcT2iA1lJ9NVwFd4tH/iSSoe44YWkltEA==}

  '@protobufjs/pool@1.1.0':
    resolution: {integrity: sha512-0kELaGSIDBKvcgS4zkjz1PeddatrjYcmMWOlAuAPwAeccUrPHdUqo/J6LiymHHEiJT5NrF1UVwxY14f+fy4WQw==}

  '@protobufjs/utf8@1.1.0':
    resolution: {integrity: sha512-Vvn3zZrhQZkkBE8LSuW3em98c0FwgO4nxzv6OdSxPKJIEKY2bGbHn+mhGIPerzI4twdxaP8/0+06HBpwf345Lw==}

  '@types/node@22.15.31':
    resolution: {integrity: sha512-jnVe5ULKl6tijxUhvQeNbQG/84fHfg+yMak02cT8QVhBx/F05rAVxCGBYYTh2EKz22D6JF5ktXuNwdx7b9iEGw==}

  ansi-regex@5.0.1:
    resolution: {integrity: sha512-quJQXlTSUGL2LH9SUXo8VwsY4soanhgo6LNSm84E1LBcE8s3O0wpdiRzyR9z/ZZJMlMWv37qOOb9pdJlMUEKFQ==}
    engines: {node: '>=8'}

  ansi-styles@4.3.0:
    resolution: {integrity: sha512-zbB9rCJAT1rbjiVDb2hqKFHNYLxgtk8NURxZ3IZwD3F6NtxbXZQCnnSi1Lkx+IDohdPlFp222wVALIheZJQSEg==}
    engines: {node: '>=8'}

  cliui@8.0.1:
    resolution: {integrity: sha512-BSeNnyus75C4//NQ9gQt1/csTXyo/8Sb+afLAkzAptFuMsod9HFokGNudZpi/oQV73hnVK+sR+5PVRMd+Dr7YQ==}
    engines: {node: '>=12'}

  color-convert@2.0.1:
    resolution: {integrity: sha512-RRECPsj7iu/xb5oKYcsFHSppFNnsj/52OVTRKb4zP5onXwVF3zVmmToNcOfGC+CRDpfK/U584fMg38ZHCaElKQ==}
    engines: {node: '>=7.0.0'}

  color-name@1.1.4:
    resolution: {integrity: sha512-dOy+3AuW3a2wNbZHIuMZpTcgjGuLU/uBL/ubcZF9OXbDo8ff4O8yVp5Bf0efS8uEoYo5q4Fx7dY9OgQGXgAsQA==}

  emoji-regex@8.0.0:
    resolution: {integrity: sha512-MSjYzcWNOA0ewAHpz0MxpYFvwg6yjy1NG3xteoqz644VCo/RPgnr1/GGt+ic3iJTzQ8Eu3TdM14SawnVUmGE6A==}

  escalade@3.2.0:
    resolution: {integrity: sha512-WUj2qlxaQtO4g6Pq5c29GTcWGDyd8itL8zTlipgECz3JesAiiOKotd8JU6otB3PACgG6xkJUyVhboMS+bje/jA==}
    engines: {node: '>=6'}

  faye-websocket@0.11.4:
    resolution: {integrity: sha512-CzbClwlXAuiRQAlUyfqPgvPoNKTckTPGfwZV4ZdAhVcP2lh9KUxJg2b5GkE7XbjKQ3YJnQ9z6D9ntLAlB+tP8g==}
    engines: {node: '>=0.8.0'}

  firebase@11.9.1:
    resolution: {integrity: sha512-nbQbQxNlkHHRDn4cYwHdAKHwJPeZ0jRXxlNp6PCOb9CQx8Dc6Vjve97R34r1EZJnzOsPYZ3+ssJH7fkovDjvCw==}

  fsevents@2.3.2:
    resolution: {integrity: sha512-xiqMQR4xAeHTuB9uWm+fFRcIOgKBMiOBP+eXiyT7jsgVCq1bkVygt00oASowB7EdtpOHaaPgKt812P9ab+DDKA==}
    engines: {node: ^8.16.0 || ^10.6.0 || >=11.0.0}
    os: [darwin]

  get-caller-file@2.0.5:
    resolution: {integrity: sha512-DyFP3BM/3YHTQOCUL/w0OZHR0lpKeGrxotcHWcqNEdnltqFwXVfhEBQ94eIo34AfQpo0rGki4cyIiftY06h2Fg==}
    engines: {node: 6.* || 8.* || >= 10.*}

  http-parser-js@0.5.10:
    resolution: {integrity: sha512-Pysuw9XpUq5dVc/2SMHpuTY01RFl8fttgcyunjL7eEMhGM3cI4eOmiCycJDVCo/7O7ClfQD3SaI6ftDzqOXYMA==}

  idb@7.1.1:
    resolution: {integrity: sha512-gchesWBzyvGHRO9W8tzUWFDycow5gwjvFKfyV9FF32Y7F50yZMp7mP+T2mJIWFx49zicqyC4uefHM17o6xKIVQ==}

  is-fullwidth-code-point@3.0.0:
    resolution: {integrity: sha512-zymm5+u+sCsSWyD9qNaejV3DFvhCKclKdizYaJUuHA83RLjb7nSuGnddCHGv0hk+KY7BMAlsWeK4Ueg6EV6XQg==}
    engines: {node: '>=8'}

  lodash.camelcase@4.3.0:
    resolution: {integrity: sha512-TwuEnCnxbc3rAvhf/LbG7tJUDzhqXyFnv3dtzLOPgCG/hODL7WFnsbwktkD7yUV0RrreP/l1PALq/YSg6VvjlA==}

  long@5.3.2:
    resolution: {integrity: sha512-mNAgZ1GmyNhD7AuqnTG3/VQ26o760+ZYBPKjPvugO8+nLbYfX6TVpJPseBvopbdY+qpZ/lKUnmEc1LeZYS3QAA==}

  playwright-core@1.53.0:
    resolution: {integrity: sha512-mGLg8m0pm4+mmtB7M89Xw/GSqoNC+twivl8ITteqvAndachozYe2ZA7srU6uleV1vEdAHYqjq+SV8SNxRRFYBw==}
    engines: {node: '>=18'}
    hasBin: true

  playwright@1.53.0:
    resolution: {integrity: sha512-ghGNnIEYZC4E+YtclRn4/p6oYbdPiASELBIYkBXfaTVKreQUYbMUYQDwS12a8F0/HtIjr/CkGjtwABeFPGcS4Q==}
    engines: {node: '>=18'}
    hasBin: true

  protobufjs@7.5.3:
    resolution: {integrity: sha512-sildjKwVqOI2kmFDiXQ6aEB0fjYTafpEvIBs8tOR8qI4spuL9OPROLVu2qZqi/xgCfsHIwVqlaF8JBjWFHnKbw==}
    engines: {node: '>=12.0.0'}

  require-directory@2.1.1:
    resolution: {integrity: sha512-fGxEI7+wsG9xrvdjsrlmL22OMTTiHRwAMroiEeMgq8gzoLC/PQr7RsRDSTLUg/bZAZtF+TVIkHc6/4RIKrui+Q==}
    engines: {node: '>=0.10.0'}

  safe-buffer@5.2.1:
    resolution: {integrity: sha512-rp3So07KcdmmKbGvgaNxQSJr7bGVSVk5S9Eq1F+ppbRo70+YeaDxkw5Dd8NPN+GD6bjnYm2VuPuCXmpuYvmCXQ==}

  string-width@4.2.3:
    resolution: {integrity: sha512-wKyQRQpjJ0sIp62ErSZdGsjMJWsap5oRNihHhu6G7JVO/9jIB6UyevL+tXuOqrng8j/cxKTWyWUwvSTriiZz/g==}
    engines: {node: '>=8'}

  strip-ansi@6.0.1:
    resolution: {integrity: sha512-Y38VPSHcqkFrCpFnQ9vuSXmquuv5oXOKpGeT6aGrr3o3Gc9AlVa6JBfUSOCnbxGGZF+/0ooI7KrPuUSztUdU5A==}
    engines: {node: '>=8'}

  tslib@2.8.1:
    resolution: {integrity: sha512-oJFu94HQb+KVduSUQL7wnpmqnfmLsOA/nAh6b6EH0wCEoK0/mPeXU6c3wKDV83MkOuHPRHtSXKKU99IBazS/2w==}

  undici-types@6.21.0:
    resolution: {integrity: sha512-iwDZqg0QAGrg9Rav5H4n0M64c3mkR59cJ6wQp+7C4nI0gsmExaedaYLNO44eT4AtBBwjbTiGPMlt2Md0T9H9JQ==}

  web-vitals@4.2.4:
    resolution: {integrity: sha512-r4DIlprAGwJ7YM11VZp4R884m0Vmgr6EAKe3P+kO0PPj3Unqyvv59rczf6UiGcb9Z8QxZVcqKNwv/g0WNdWwsw==}

  websocket-driver@0.7.4:
    resolution: {integrity: sha512-b17KeDIQVjvb0ssuSDF2cYXSg2iztliJ4B9WdsuB6J952qCPKmnVq4DyW5motImXHDC1cBT/1UezrJVsKw5zjg==}
    engines: {node: '>=0.8.0'}

  websocket-extensions@0.1.4:
    resolution: {integrity: sha512-OqedPIGOfsDlo31UNwYbCFMSaO9m9G/0faIHj5/dZFDMFqPTcx6UwqyOy3COEaEOg/9VsGIpdqn62W5KhoKSpg==}
    engines: {node: '>=0.8.0'}

  wrap-ansi@7.0.0:
    resolution: {integrity: sha512-YVGIj2kamLSTxw6NsZjoBxfSwsn0ycdesmc4p+Q21c5zPuZ1pl+NfxVdxPtdHvmNVOQ6XSYG4AUtyt/Fi7D16Q==}
    engines: {node: '>=10'}

  y18n@5.0.8:
    resolution: {integrity: sha512-0pfFzegeDWJHJIAmTLRP2DwHjdF5s7jo9tuztdQxAhINCdvS+3nGINqPd00AphqJR/0LhANUS6/+7SCb98YOfA==}
    engines: {node: '>=10'}

  yargs-parser@21.1.1:
    resolution: {integrity: sha512-tVpsJW7DdjecAiFpbIB1e3qxIQsE6NoPc5/eTdrbbIC4h0LVsWhnoa3g+m2HclBIujHzsxZ4VJVA+GUuc2/LBw==}
    engines: {node: '>=12'}

  yargs@17.7.2:
    resolution: {integrity: sha512-7dSzzRQ++CKnNI/krKnYRV7JKKPUXMEh61soaHKg9mrWEhzFWhFnxPxGl+69cD1Ou63C13NUPCnmIcrvqCuM6w==}
    engines: {node: '>=12'}

snapshots:

  '@firebase/ai@1.4.0(@firebase/app-types@0.9.3)(@firebase/app@0.13.1)':
    dependencies:
      '@firebase/app': 0.13.1
      '@firebase/app-check-interop-types': 0.3.3
      '@firebase/app-types': 0.9.3
      '@firebase/component': 0.6.17
      '@firebase/logger': 0.4.4
      '@firebase/util': 1.12.0
      tslib: 2.8.1

  '@firebase/analytics-compat@0.2.22(@firebase/app-compat@0.4.1)(@firebase/app@0.13.1)':
    dependencies:
      '@firebase/analytics': 0.10.16(@firebase/app@0.13.1)
      '@firebase/analytics-types': 0.8.3
      '@firebase/app-compat': 0.4.1
      '@firebase/component': 0.6.17
      '@firebase/util': 1.12.0
      tslib: 2.8.1
    transitivePeerDependencies:
      - '@firebase/app'

  '@firebase/analytics-types@0.8.3': {}

  '@firebase/analytics@0.10.16(@firebase/app@0.13.1)':
    dependencies:
      '@firebase/app': 0.13.1
      '@firebase/component': 0.6.17
      '@firebase/installations': 0.6.17(@firebase/app@0.13.1)
      '@firebase/logger': 0.4.4
      '@firebase/util': 1.12.0
      tslib: 2.8.1

  '@firebase/app-check-compat@0.3.25(@firebase/app-compat@0.4.1)(@firebase/app@0.13.1)':
    dependencies:
      '@firebase/app-check': 0.10.0(@firebase/app@0.13.1)
      '@firebase/app-check-types': 0.5.3
      '@firebase/app-compat': 0.4.1
      '@firebase/component': 0.6.17
      '@firebase/logger': 0.4.4
      '@firebase/util': 1.12.0
      tslib: 2.8.1
    transitivePeerDependencies:
      - '@firebase/app'

  '@firebase/app-check-interop-types@0.3.3': {}

  '@firebase/app-check-types@0.5.3': {}

  '@firebase/app-check@0.10.0(@firebase/app@0.13.1)':
    dependencies:
      '@firebase/app': 0.13.1
      '@firebase/component': 0.6.17
      '@firebase/logger': 0.4.4
      '@firebase/util': 1.12.0
      tslib: 2.8.1

  '@firebase/app-compat@0.4.1':
    dependencies:
      '@firebase/app': 0.13.1
      '@firebase/component': 0.6.17
      '@firebase/logger': 0.4.4
      '@firebase/util': 1.12.0
      tslib: 2.8.1

  '@firebase/app-types@0.9.3': {}

  '@firebase/app@0.13.1':
    dependencies:
      '@firebase/component': 0.6.17
      '@firebase/logger': 0.4.4
      '@firebase/util': 1.12.0
      idb: 7.1.1
      tslib: 2.8.1

  '@firebase/auth-compat@0.5.27(@firebase/app-compat@0.4.1)(@firebase/app-types@0.9.3)(@firebase/app@0.13.1)':
    dependencies:
      '@firebase/app-compat': 0.4.1
      '@firebase/auth': 1.10.7(@firebase/app@0.13.1)
      '@firebase/auth-types': 0.13.0(@firebase/app-types@0.9.3)(@firebase/util@1.12.0)
      '@firebase/component': 0.6.17
      '@firebase/util': 1.12.0
      tslib: 2.8.1
    transitivePeerDependencies:
      - '@firebase/app'
      - '@firebase/app-types'
      - '@react-native-async-storage/async-storage'

  '@firebase/auth-interop-types@0.2.4': {}

  '@firebase/auth-types@0.13.0(@firebase/app-types@0.9.3)(@firebase/util@1.12.0)':
    dependencies:
      '@firebase/app-types': 0.9.3
      '@firebase/util': 1.12.0

  '@firebase/auth@1.10.7(@firebase/app@0.13.1)':
    dependencies:
      '@firebase/app': 0.13.1
      '@firebase/component': 0.6.17
      '@firebase/logger': 0.4.4
      '@firebase/util': 1.12.0
      tslib: 2.8.1

  '@firebase/component@0.6.17':
    dependencies:
      '@firebase/util': 1.12.0
      tslib: 2.8.1

  '@firebase/data-connect@0.3.9(@firebase/app@0.13.1)':
    dependencies:
      '@firebase/app': 0.13.1
      '@firebase/auth-interop-types': 0.2.4
      '@firebase/component': 0.6.17
      '@firebase/logger': 0.4.4
      '@firebase/util': 1.12.0
      tslib: 2.8.1

  '@firebase/database-compat@2.0.10':
    dependencies:
      '@firebase/component': 0.6.17
      '@firebase/database': 1.0.19
      '@firebase/database-types': 1.0.14
      '@firebase/logger': 0.4.4
      '@firebase/util': 1.12.0
      tslib: 2.8.1

  '@firebase/database-types@1.0.14':
    dependencies:
      '@firebase/app-types': 0.9.3
      '@firebase/util': 1.12.0

  '@firebase/database@1.0.19':
    dependencies:
      '@firebase/app-check-interop-types': 0.3.3
      '@firebase/auth-interop-types': 0.2.4
      '@firebase/component': 0.6.17
      '@firebase/logger': 0.4.4
      '@firebase/util': 1.12.0
      faye-websocket: 0.11.4
      tslib: 2.8.1

  '@firebase/firestore-compat@0.3.52(@firebase/app-compat@0.4.1)(@firebase/app-types@0.9.3)(@firebase/app@0.13.1)':
    dependencies:
      '@firebase/app-compat': 0.4.1
      '@firebase/component': 0.6.17
      '@firebase/firestore': 4.7.17(@firebase/app@0.13.1)
      '@firebase/firestore-types': 3.0.3(@firebase/app-types@0.9.3)(@firebase/util@1.12.0)
      '@firebase/util': 1.12.0
      tslib: 2.8.1
    transitivePeerDependencies:
      - '@firebase/app'
      - '@firebase/app-types'

  '@firebase/firestore-types@3.0.3(@firebase/app-types@0.9.3)(@firebase/util@1.12.0)':
    dependencies:
      '@firebase/app-types': 0.9.3
      '@firebase/util': 1.12.0

  '@firebase/firestore@4.7.17(@firebase/app@0.13.1)':
    dependencies:
      '@firebase/app': 0.13.1
      '@firebase/component': 0.6.17
      '@firebase/logger': 0.4.4
      '@firebase/util': 1.12.0
      '@firebase/webchannel-wrapper': 1.0.3
      '@grpc/grpc-js': 1.9.15
      '@grpc/proto-loader': 0.7.15
      tslib: 2.8.1

  '@firebase/functions-compat@0.3.25(@firebase/app-compat@0.4.1)(@firebase/app@0.13.1)':
    dependencies:
      '@firebase/app-compat': 0.4.1
      '@firebase/component': 0.6.17
      '@firebase/functions': 0.12.8(@firebase/app@0.13.1)
      '@firebase/functions-types': 0.6.3
      '@firebase/util': 1.12.0
      tslib: 2.8.1
    transitivePeerDependencies:
      - '@firebase/app'

  '@firebase/functions-types@0.6.3': {}

  '@firebase/functions@0.12.8(@firebase/app@0.13.1)':
    dependencies:
      '@firebase/app': 0.13.1
      '@firebase/app-check-interop-types': 0.3.3
      '@firebase/auth-interop-types': 0.2.4
      '@firebase/component': 0.6.17
      '@firebase/messaging-interop-types': 0.2.3
      '@firebase/util': 1.12.0
      tslib: 2.8.1

  '@firebase/installations-compat@0.2.17(@firebase/app-compat@0.4.1)(@firebase/app-types@0.9.3)(@firebase/app@0.13.1)':
    dependencies:
      '@firebase/app-compat': 0.4.1
      '@firebase/component': 0.6.17
      '@firebase/installations': 0.6.17(@firebase/app@0.13.1)
      '@firebase/installations-types': 0.5.3(@firebase/app-types@0.9.3)
      '@firebase/util': 1.12.0
      tslib: 2.8.1
    transitivePeerDependencies:
      - '@firebase/app'
      - '@firebase/app-types'

  '@firebase/installations-types@0.5.3(@firebase/app-types@0.9.3)':
    dependencies:
      '@firebase/app-types': 0.9.3

  '@firebase/installations@0.6.17(@firebase/app@0.13.1)':
    dependencies:
      '@firebase/app': 0.13.1
      '@firebase/component': 0.6.17
      '@firebase/util': 1.12.0
      idb: 7.1.1
      tslib: 2.8.1

  '@firebase/logger@0.4.4':
    dependencies:
      tslib: 2.8.1

  '@firebase/messaging-compat@0.2.21(@firebase/app-compat@0.4.1)(@firebase/app@0.13.1)':
    dependencies:
      '@firebase/app-compat': 0.4.1
      '@firebase/component': 0.6.17
      '@firebase/messaging': 0.12.21(@firebase/app@0.13.1)
      '@firebase/util': 1.12.0
      tslib: 2.8.1
    transitivePeerDependencies:
      - '@firebase/app'

  '@firebase/messaging-interop-types@0.2.3': {}

  '@firebase/messaging@0.12.21(@firebase/app@0.13.1)':
    dependencies:
      '@firebase/app': 0.13.1
      '@firebase/component': 0.6.17
      '@firebase/installations': 0.6.17(@firebase/app@0.13.1)
      '@firebase/messaging-interop-types': 0.2.3
      '@firebase/util': 1.12.0
      idb: 7.1.1
      tslib: 2.8.1

  '@firebase/performance-compat@0.2.19(@firebase/app-compat@0.4.1)(@firebase/app@0.13.1)':
    dependencies:
      '@firebase/app-compat': 0.4.1
      '@firebase/component': 0.6.17
      '@firebase/logger': 0.4.4
      '@firebase/performance': 0.7.6(@firebase/app@0.13.1)
      '@firebase/performance-types': 0.2.3
      '@firebase/util': 1.12.0
      tslib: 2.8.1
    transitivePeerDependencies:
      - '@firebase/app'

  '@firebase/performance-types@0.2.3': {}

  '@firebase/performance@0.7.6(@firebase/app@0.13.1)':
    dependencies:
      '@firebase/app': 0.13.1
      '@firebase/component': 0.6.17
      '@firebase/installations': 0.6.17(@firebase/app@0.13.1)
      '@firebase/logger': 0.4.4
      '@firebase/util': 1.12.0
      tslib: 2.8.1
      web-vitals: 4.2.4

  '@firebase/remote-config-compat@0.2.17(@firebase/app-compat@0.4.1)(@firebase/app@0.13.1)':
    dependencies:
      '@firebase/app-compat': 0.4.1
      '@firebase/component': 0.6.17
      '@firebase/logger': 0.4.4
      '@firebase/remote-config': 0.6.4(@firebase/app@0.13.1)
      '@firebase/remote-config-types': 0.4.0
      '@firebase/util': 1.12.0
      tslib: 2.8.1
    transitivePeerDependencies:
      - '@firebase/app'

  '@firebase/remote-config-types@0.4.0': {}

  '@firebase/remote-config@0.6.4(@firebase/app@0.13.1)':
    dependencies:
      '@firebase/app': 0.13.1
      '@firebase/component': 0.6.17
      '@firebase/installations': 0.6.17(@firebase/app@0.13.1)
      '@firebase/logger': 0.4.4
      '@firebase/util': 1.12.0
      tslib: 2.8.1

  '@firebase/storage-compat@0.3.23(@firebase/app-compat@0.4.1)(@firebase/app-types@0.9.3)(@firebase/app@0.13.1)':
    dependencies:
      '@firebase/app-compat': 0.4.1
      '@firebase/component': 0.6.17
      '@firebase/storage': 0.13.13(@firebase/app@0.13.1)
      '@firebase/storage-types': 0.8.3(@firebase/app-types@0.9.3)(@firebase/util@1.12.0)
      '@firebase/util': 1.12.0
      tslib: 2.8.1
    transitivePeerDependencies:
      - '@firebase/app'
      - '@firebase/app-types'

  '@firebase/storage-types@0.8.3(@firebase/app-types@0.9.3)(@firebase/util@1.12.0)':
    dependencies:
      '@firebase/app-types': 0.9.3
      '@firebase/util': 1.12.0

  '@firebase/storage@0.13.13(@firebase/app@0.13.1)':
    dependencies:
      '@firebase/app': 0.13.1
      '@firebase/component': 0.6.17
      '@firebase/util': 1.12.0
      tslib: 2.8.1

  '@firebase/util@1.12.0':
    dependencies:
      tslib: 2.8.1

  '@firebase/webchannel-wrapper@1.0.3': {}

  '@grpc/grpc-js@1.9.15':
    dependencies:
      '@grpc/proto-loader': 0.7.15
      '@types/node': 22.15.31

  '@grpc/proto-loader@0.7.15':
    dependencies:
      lodash.camelcase: 4.3.0
      long: 5.3.2
      protobufjs: 7.5.3
      yargs: 17.7.2

  '@playwright/test@1.53.0':
    dependencies:
      playwright: 1.53.0

  '@protobufjs/aspromise@1.1.2': {}

  '@protobufjs/base64@1.1.2': {}

  '@protobufjs/codegen@2.0.4': {}

  '@protobufjs/eventemitter@1.1.0': {}

  '@protobufjs/fetch@1.1.0':
    dependencies:
      '@protobufjs/aspromise': 1.1.2
      '@protobufjs/inquire': 1.1.0

  '@protobufjs/float@1.0.2': {}

  '@protobufjs/inquire@1.1.0': {}

  '@protobufjs/path@1.1.2': {}

  '@protobufjs/pool@1.1.0': {}

  '@protobufjs/utf8@1.1.0': {}

  '@types/node@22.15.31':
    dependencies:
      undici-types: 6.21.0

  ansi-regex@5.0.1: {}

  ansi-styles@4.3.0:
    dependencies:
      color-convert: 2.0.1

  cliui@8.0.1:
    dependencies:
      string-width: 4.2.3
      strip-ansi: 6.0.1
      wrap-ansi: 7.0.0

  color-convert@2.0.1:
    dependencies:
      color-name: 1.1.4

  color-name@1.1.4: {}

  emoji-regex@8.0.0: {}

  escalade@3.2.0: {}

  faye-websocket@0.11.4:
    dependencies:
      websocket-driver: 0.7.4

  firebase@11.9.1:
    dependencies:
      '@firebase/ai': 1.4.0(@firebase/app-types@0.9.3)(@firebase/app@0.13.1)
      '@firebase/analytics': 0.10.16(@firebase/app@0.13.1)
      '@firebase/analytics-compat': 0.2.22(@firebase/app-compat@0.4.1)(@firebase/app@0.13.1)
      '@firebase/app': 0.13.1
      '@firebase/app-check': 0.10.0(@firebase/app@0.13.1)
      '@firebase/app-check-compat': 0.3.25(@firebase/app-compat@0.4.1)(@firebase/app@0.13.1)
      '@firebase/app-compat': 0.4.1
      '@firebase/app-types': 0.9.3
      '@firebase/auth': 1.10.7(@firebase/app@0.13.1)
      '@firebase/auth-compat': 0.5.27(@firebase/app-compat@0.4.1)(@firebase/app-types@0.9.3)(@firebase/app@0.13.1)
      '@firebase/data-connect': 0.3.9(@firebase/app@0.13.1)
      '@firebase/database': 1.0.19
      '@firebase/database-compat': 2.0.10
      '@firebase/firestore': 4.7.17(@firebase/app@0.13.1)
      '@firebase/firestore-compat': 0.3.52(@firebase/app-compat@0.4.1)(@firebase/app-types@0.9.3)(@firebase/app@0.13.1)
      '@firebase/functions': 0.12.8(@firebase/app@0.13.1)
      '@firebase/functions-compat': 0.3.25(@firebase/app-compat@0.4.1)(@firebase/app@0.13.1)
      '@firebase/installations': 0.6.17(@firebase/app@0.13.1)
      '@firebase/installations-compat': 0.2.17(@firebase/app-compat@0.4.1)(@firebase/app-types@0.9.3)(@firebase/app@0.13.1)
      '@firebase/messaging': 0.12.21(@firebase/app@0.13.1)
      '@firebase/messaging-compat': 0.2.21(@firebase/app-compat@0.4.1)(@firebase/app@0.13.1)
      '@firebase/performance': 0.7.6(@firebase/app@0.13.1)
      '@firebase/performance-compat': 0.2.19(@firebase/app-compat@0.4.1)(@firebase/app@0.13.1)
      '@firebase/remote-config': 0.6.4(@firebase/app@0.13.1)
      '@firebase/remote-config-compat': 0.2.17(@firebase/app-compat@0.4.1)(@firebase/app@0.13.1)
      '@firebase/storage': 0.13.13(@firebase/app@0.13.1)
      '@firebase/storage-compat': 0.3.23(@firebase/app-compat@0.4.1)(@firebase/app-types@0.9.3)(@firebase/app@0.13.1)
      '@firebase/util': 1.12.0
    transitivePeerDependencies:
      - '@react-native-async-storage/async-storage'

  fsevents@2.3.2:
    optional: true

  get-caller-file@2.0.5: {}

  http-parser-js@0.5.10: {}

  idb@7.1.1: {}

  is-fullwidth-code-point@3.0.0: {}

  lodash.camelcase@4.3.0: {}

  long@5.3.2: {}

  playwright-core@1.53.0: {}

  playwright@1.53.0:
    dependencies:
      playwright-core: 1.53.0
    optionalDependencies:
      fsevents: 2.3.2

  protobufjs@7.5.3:
    dependencies:
      '@protobufjs/aspromise': 1.1.2
      '@protobufjs/base64': 1.1.2
      '@protobufjs/codegen': 2.0.4
      '@protobufjs/eventemitter': 1.1.0
      '@protobufjs/fetch': 1.1.0
      '@protobufjs/float': 1.0.2
      '@protobufjs/inquire': 1.1.0
      '@protobufjs/path': 1.1.2
      '@protobufjs/pool': 1.1.0
      '@protobufjs/utf8': 1.1.0
      '@types/node': 22.15.31
      long: 5.3.2

  require-directory@2.1.1: {}

  safe-buffer@5.2.1: {}

  string-width@4.2.3:
    dependencies:
      emoji-regex: 8.0.0
      is-fullwidth-code-point: 3.0.0
      strip-ansi: 6.0.1

  strip-ansi@6.0.1:
    dependencies:
      ansi-regex: 5.0.1

  tslib@2.8.1: {}

  undici-types@6.21.0: {}

  web-vitals@4.2.4: {}

  websocket-driver@0.7.4:
    dependencies:
      http-parser-js: 0.5.10
      safe-buffer: 5.2.1
      websocket-extensions: 0.1.4

  websocket-extensions@0.1.4: {}

  wrap-ansi@7.0.0:
    dependencies:
      ansi-styles: 4.3.0
      string-width: 4.2.3
      strip-ansi: 6.0.1

  y18n@5.0.8: {}

  yargs-parser@21.1.1: {}

  yargs@17.7.2:
    dependencies:
      cliui: 8.0.1
      escalade: 3.2.0
      get-caller-file: 2.0.5
      require-directory: 2.1.1
      string-width: 4.2.3
      y18n: 5.0.8
      yargs-parser: 21.1.1
